
Microsoft Visual Studio Solution File, Format Version 11.00
# Visual Studio 2010
Project("{FAE04EC0-301F-11D3-BF4B-00C04F79EFBC}") = "Assembly-CSharp", "Assembly-CSharp.csproj", "{157700bf-a8c4-b99a-8f89-350ceab53d29}"
EndProject
Project("{FAE04EC0-301F-11D3-BF4B-00C04F79EFBC}") = "Assembly-CSharp-Editor", "Assembly-CSharp-Editor.csproj", "{0c098c31-7e16-21bf-944c-ba4c82db8ce2}"
EndProject
Global
	GlobalSection(SolutionConfigurationPlatforms) = preSolution
		Debug|Any CPU = Debug|Any CPU
	EndGlobalSection
	GlobalSection(ProjectConfigurationPlatforms) = postSolution
		{157700bf-a8c4-b99a-8f89-350ceab53d29}.Debug|Any CPU.ActiveCfg = Debug|Any CPU
		{157700bf-a8c4-b99a-8f89-350ceab53d29}.Debug|Any CPU.Build.0 = Debug|Any CPU
		{0c098c31-7e16-21bf-944c-ba4c82db8ce2}.Debug|Any CPU.ActiveCfg = Debug|Any CPU
		{0c098c31-7e16-21bf-944c-ba4c82db8ce2}.Debug|Any CPU.Build.0 = Debug|Any CPU
	EndGlobalSection
	GlobalSection(SolutionProperties) = preSolution
		HideSolutionNode = FALSE
	EndGlobalSection
EndGlobal
